Microsoft Visual Studio Solution File, Format Version 11.00
# Visual Studio 2010
Project("{FAE04EC0-301F-11D3-BF4B-00C04F79EFBC}") = "Assembly-CSharp-firstpass", "Assembly-CSharp-firstpass.csproj", "{9BF7DF1B-7660-E509-081B-74FB9A80BC55}"
EndProject
Project("{FAE04EC0-301F-11D3-BF4B-00C04F79EFBC}") = "Assembly-CSharp", "Assembly-CSharp.csproj", "{7056E223-B944-7F6B-F00D-1CE9B20A7FD5}"
EndProject
Project("{FAE04EC0-301F-11D3-BF4B-00C04F79EFBC}") = "Assembly-CSharp-Editor-firstpass", "Assembly-CSharp-Editor-firstpass.csproj", "{F2F30F8F-9326-CC33-64DA-0022EC7A19A4}"
EndProject
Global
	GlobalSection(SolutionConfigurationPlatforms) = preSolution
		Debug|Any CPU = Debug|Any CPU
		Release|Any CPU = Release|Any CPU
	EndGlobalSection
	GlobalSection(ProjectConfigurationPlatforms) = postSolution
		{9BF7DF1B-7660-E509-081B-74FB9A80BC55}.Debug|Any CPU.ActiveCfg = Debug|Any CPU
		{9BF7DF1B-7660-E509-081B-74FB9A80BC55}.Debug|Any CPU.Build.0 = Debug|Any CPU
		{9BF7DF1B-7660-E509-081B-74FB9A80BC55}.Release|Any CPU.ActiveCfg = Release|Any CPU
		{9BF7DF1B-7660-E509-081B-74FB9A80BC55}.Release|Any CPU.Build.0 = Release|Any CPU
		{7056E223-B944-7F6B-F00D-1CE9B20A7FD5}.Debug|Any CPU.ActiveCfg = Debug|Any CPU
		{7056E223-B944-7F6B-F00D-1CE9B20A7FD5}.Debug|Any CPU.Build.0 = Debug|Any CPU
		{7056E223-B944-7F6B-F00D-1CE9B20A7FD5}.Release|Any CPU.ActiveCfg = Release|Any CPU
		{7056E223-B944-7F6B-F00D-1CE9B20A7FD5}.Release|Any CPU.Build.0 = Release|Any CPU
		{F2F30F8F-9326-CC33-64DA-0022EC7A19A4}.Debug|Any CPU.ActiveCfg = Debug|Any CPU
		{F2F30F8F-9326-CC33-64DA-0022EC7A19A4}.Debug|Any CPU.Build.0 = Debug|Any CPU
		{F2F30F8F-9326-CC33-64DA-0022EC7A19A4}.Release|Any CPU.ActiveCfg = Release|Any CPU
		{F2F30F8F-9326-CC33-64DA-0022EC7A19A4}.Release|Any CPU.Build.0 = Release|Any CPU
	EndGlobalSection
	GlobalSection(SolutionProperties) = preSolution
		HideSolutionNode = FALSE
	EndGlobalSection
EndGlobal
